// !$*UTF8*$!
{
	archiveVersion = 1;
	classes = {
	};
	objectVersion = 46;
	objects = {

/* Begin PBXBuildFile section */
		866FCE5B18CA1757009874B6 /* Foundation.framework in Frameworks */ = {isa = PBXBuildFile; fileRef = 866FCE5A18CA1757009874B6 /* Foundation.framework */; };
		866FCE5D18CA1757009874B6 /* CoreGraphics.framework in Frameworks */ = {isa = PBXBuildFile; fileRef = 866FCE5C18CA1757009874B6 /* CoreGraphics.framework */; };
		866FCE5F18CA1757009874B6 /* UIKit.framework in Frameworks */ = {isa = PBXBuildFile; fileRef = 866FCE5E18CA1757009874B6 /* UIKit.framework */; };
		866FCE6118CA1757009874B6 /* CoreData.framework in Frameworks */ = {isa = PBXBuildFile; fileRef = 866FCE6018CA1757009874B6 /* CoreData.framework */; };
		866FCE6718CA1757009874B6 /* InfoPlist.strings in Resources */ = {isa = PBXBuildFile; fileRef = 866FCE6518CA1757009874B6 /* InfoPlist.strings */; };
		866FCE6918CA1757009874B6 /* main.m in Sources */ = {isa = PBXBuildFile; fileRef = 866FCE6818CA1757009874B6 /* main.m */; };
		866FCE6D18CA1757009874B6 /* WWAppDelegate.m in Sources */ = {isa = PBXBuildFile; fileRef = 866FCE6C18CA1757009874B6 /* WWAppDelegate.m */; };
		866FCE7018CA1757009874B6 /* WWVideo.xcdatamodeld in Sources */ = {isa = PBXBuildFile; fileRef = 866FCE6E18CA1757009874B6 /* WWVideo.xcdatamodeld */; };
		866FCE7218CA1757009874B6 /* Images.xcassets in Resources */ = {isa = PBXBuildFile; fileRef = 866FCE7118CA1757009874B6 /* Images.xcassets */; };
		866FCE7918CA1757009874B6 /* XCTest.framework in Frameworks */ = {isa = PBXBuildFile; fileRef = 866FCE7818CA1757009874B6 /* XCTest.framework */; };
		866FCE7A18CA1757009874B6 /* Foundation.framework in Frameworks */ = {isa = PBXBuildFile; fileRef = 866FCE5A18CA1757009874B6 /* Foundation.framework */; };
		866FCE7B18CA1757009874B6 /* UIKit.framework in Frameworks */ = {isa = PBXBuildFile; fileRef = 866FCE5E18CA1757009874B6 /* UIKit.framework */; };
		866FCE7C18CA1757009874B6 /* CoreData.framework in Frameworks */ = {isa = PBXBuildFile; fileRef = 866FCE6018CA1757009874B6 /* CoreData.framework */; };
		866FCE8418CA1757009874B6 /* InfoPlist.strings in Resources */ = {isa = PBXBuildFile; fileRef = 866FCE8218CA1757009874B6 /* InfoPlist.strings */; };
		866FCE8618CA1757009874B6 /* WWVideoTests.m in Sources */ = {isa = PBXBuildFile; fileRef = 866FCE8518CA1757009874B6 /* WWVideoTests.m */; };
		866FCE9018CA1795009874B6 /* Storyboard.storyboard in Resources */ = {isa = PBXBuildFile; fileRef = 866FCE8F18CA1795009874B6 /* Storyboard.storyboard */; };
		866FCE9A18CA1828009874B6 /* CameraEngine.m in Sources */ = {isa = PBXBuildFile; fileRef = 866FCE9318CA1828009874B6 /* CameraEngine.m */; };
		866FCE9B18CA1828009874B6 /* VideoEncoder.m in Sources */ = {isa = PBXBuildFile; fileRef = 866FCE9518CA1828009874B6 /* VideoEncoder.m */; };
		866FCE9D18CA1828009874B6 /* ACMovieMaker.m in Sources */ = {isa = PBXBuildFile; fileRef = 866FCE9918CA1828009874B6 /* ACMovieMaker.m */; };
		866FCEA318CA1A5B009874B6 /* ACVideoCollectionViewController.m in Sources */ = {isa = PBXBuildFile; fileRef = 866FCEA218CA1A5B009874B6 /* ACVideoCollectionViewController.m */; };
		866FCEA718CA1AA1009874B6 /* ACCDMgr.m in Sources */ = {isa = PBXBuildFile; fileRef = 866FCEA618CA1AA1009874B6 /* ACCDMgr.m */; };
		866FCEAD18CA1F3B009874B6 /* UICollectionView+NSFetchedResultsController.m in Sources */ = {isa = PBXBuildFile; fileRef = 866FCEAC18CA1F3B009874B6 /* UICollectionView+NSFetchedResultsController.m */; };
		866FCEB518CA27E6009874B6 /* MBProgressHUD.m in Sources */ = {isa = PBXBuildFile; fileRef = 866FCEB218CA27E6009874B6 /* MBProgressHUD.m */; };
		866FCEB618CA27E6009874B6 /* ACTapSensor.m in Sources */ = {isa = PBXBuildFile; fileRef = 866FCEB418CA27E6009874B6 /* ACTapSensor.m */; };
		866FCEB918CA2FD9009874B6 /* WWVideoCell.m in Sources */ = {isa = PBXBuildFile; fileRef = 866FCEB818CA2FD9009874B6 /* WWVideoCell.m */; };
		866FCEBC18CA51CC009874B6 /* Video.m in Sources */ = {isa = PBXBuildFile; fileRef = 866FCEBB18CA51CC009874B6 /* Video.m */; };
/* End PBXBuildFile section */

/* Begin PBXContainerItemProxy section */
		866FCE7D18CA1757009874B6 /* PBXContainerItemProxy */ = {
			isa = PBXContainerItemProxy;
			containerPortal = 866FCE4F18CA1757009874B6 /* Project object */;
			proxyType = 1;
			remoteGlobalIDString = 866FCE5618CA1757009874B6;
			remoteInfo = WWVideo;
		};
/* End PBXContainerItemProxy section */

/* Begin PBXFileReference section */
		866FCE5718CA1757009874B6 /* WWVideo.app */ = {isa = PBXFileReference; explicitFileType = wrapper.application; includeInIndex = 0; path = WWVideo.app; sourceTree = BUILT_PRODUCTS_DIR; };
		866FCE5A18CA1757009874B6 /* Foundation.framework */ = {isa = PBXFileReference; lastKnownFileType = wrapper.framework; name = Foundation.framework; path = System/Library/Frameworks/Foundation.framework; sourceTree = SDKROOT; };
		866FCE5C18CA1757009874B6 /* CoreGraphics.framework */ = {isa = PBXFileReference; lastKnownFileType = wrapper.framework; name = CoreGraphics.framework; path = System/Library/Frameworks/CoreGraphics.framework; sourceTree = SDKROOT; };
		866FCE5E18CA1757009874B6 /* UIKit.framework */ = {isa = PBXFileReference; lastKnownFileType = wrapper.framework; name = UIKit.framework; path = System/Library/Frameworks/UIKit.framework; sourceTree = SDKROOT; };
		866FCE6018CA1757009874B6 /* CoreData.framework */ = {isa = PBXFileReference; lastKnownFileType = wrapper.framework; name = CoreData.framework; path = System/Library/Frameworks/CoreData.framework; sourceTree = SDKROOT; };
		866FCE6418CA1757009874B6 /* WWVideo-Info.plist */ = {isa = PBXFileReference; lastKnownFileType = text.plist.xml; path = "WWVideo-Info.plist"; sourceTree = "<group>"; };
		866FCE6618CA1757009874B6 /* en */ = {isa = PBXFileReference; lastKnownFileType = text.plist.strings; name = en; path = en.lproj/InfoPlist.strings; sourceTree = "<group>"; };
		866FCE6818CA1757009874B6 /* main.m */ = {isa = PBXFileReference; lastKnownFileType = sourcecode.c.objc; path = main.m; sourceTree = "<group>"; };
		866FCE6A18CA1757009874B6 /* WWVideo-Prefix.pch */ = {isa = PBXFileReference; lastKnownFileType = sourcecode.c.h; path = "WWVideo-Prefix.pch"; sourceTree = "<group>"; };
		866FCE6B18CA1757009874B6 /* WWAppDelegate.h */ = {isa = PBXFileReference; lastKnownFileType = sourcecode.c.h; path = WWAppDelegate.h; sourceTree = "<group>"; };
		866FCE6C18CA1757009874B6 /* WWAppDelegate.m */ = {isa = PBXFileReference; lastKnownFileType = sourcecode.c.objc; path = WWAppDelegate.m; sourceTree = "<group>"; };
		866FCE6F18CA1757009874B6 /* WWVideo.xcdatamodel */ = {isa = PBXFileReference; lastKnownFileType = wrapper.xcdatamodel; path = WWVideo.xcdatamodel; sourceTree = "<group>"; };
		866FCE7118CA1757009874B6 /* Images.xcassets */ = {isa = PBXFileReference; lastKnownFileType = folder.assetcatalog; path = Images.xcassets; sourceTree = "<group>"; };
		866FCE7718CA1757009874B6 /* WWVideoTests.xctest */ = {isa = PBXFileReference; explicitFileType = wrapper.cfbundle; includeInIndex = 0; path = WWVideoTests.xctest; sourceTree = BUILT_PRODUCTS_DIR; };
		866FCE7818CA1757009874B6 /* XCTest.framework */ = {isa = PBXFileReference; lastKnownFileType = wrapper.framework; name = XCTest.framework; path = Library/Frameworks/XCTest.framework; sourceTree = DEVELOPER_DIR; };
		866FCE8118CA1757009874B6 /* WWVideoTests-Info.plist */ = {isa = PBXFileReference; lastKnownFileType = text.plist.xml; path = "WWVideoTests-Info.plist"; sourceTree = "<group>"; };
		866FCE8318CA1757009874B6 /* en */ = {isa = PBXFileReference; lastKnownFileType = text.plist.strings; name = en; path = en.lproj/InfoPlist.strings; sourceTree = "<group>"; };
		866FCE8518CA1757009874B6 /* WWVideoTests.m */ = {isa = PBXFileReference; lastKnownFileType = sourcecode.c.objc; path = WWVideoTests.m; sourceTree = "<group>"; };
		866FCE8F18CA1795009874B6 /* Storyboard.storyboard */ = {isa = PBXFileReference; fileEncoding = 4; lastKnownFileType = file.storyboard; path = Storyboard.storyboard; sourceTree = "<group>"; };
		866FCE9218CA1828009874B6 /* CameraEngine.h */ = {isa = PBXFileReference; fileEncoding = 4; lastKnownFileType = sourcecode.c.h; path = CameraEngine.h; sourceTree = "<group>"; };
		866FCE9318CA1828009874B6 /* CameraEngine.m */ = {isa = PBXFileReference; fileEncoding = 4; lastKnownFileType = sourcecode.c.objc; path = CameraEngine.m; sourceTree = "<group>"; };
		866FCE9418CA1828009874B6 /* VideoEncoder.h */ = {isa = PBXFileReference; fileEncoding = 4; lastKnownFileType = sourcecode.c.h; path = VideoEncoder.h; sourceTree = "<group>"; };
		866FCE9518CA1828009874B6 /* VideoEncoder.m */ = {isa = PBXFileReference; fileEncoding = 4; lastKnownFileType = sourcecode.c.objc; path = VideoEncoder.m; sourceTree = "<group>"; };
		866FCE9818CA1828009874B6 /* ACMovieMaker.h */ = {isa = PBXFileReference; fileEncoding = 4; lastKnownFileType = sourcecode.c.h; path = ACMovieMaker.h; sourceTree = "<group>"; };
		866FCE9918CA1828009874B6 /* ACMovieMaker.m */ = {isa = PBXFileReference; fileEncoding = 4; lastKnownFileType = sourcecode.c.objc; path = ACMovieMaker.m; sourceTree = "<group>"; };
		866FCEA118CA1A5B009874B6 /* ACVideoCollectionViewController.h */ = {isa = PBXFileReference; fileEncoding = 4; lastKnownFileType = sourcecode.c.h; path = ACVideoCollectionViewController.h; sourceTree = "<group>"; };
		866FCEA218CA1A5B009874B6 /* ACVideoCollectionViewController.m */ = {isa = PBXFileReference; fileEncoding = 4; lastKnownFileType = sourcecode.c.objc; path = ACVideoCollectionViewController.m; sourceTree = "<group>"; };
		866FCEA518CA1AA1009874B6 /* ACCDMgr.h */ = {isa = PBXFileReference; fileEncoding = 4; lastKnownFileType = sourcecode.c.h; path = ACCDMgr.h; sourceTree = "<group>"; };
		866FCEA618CA1AA1009874B6 /* ACCDMgr.m */ = {isa = PBXFileReference; fileEncoding = 4; lastKnownFileType = sourcecode.c.objc; path = ACCDMgr.m; sourceTree = "<group>"; };
		866FCEAB18CA1F3B009874B6 /* UICollectionView+NSFetchedResultsController.h */ = {isa = PBXFileReference; fileEncoding = 4; lastKnownFileType = sourcecode.c.h; path = "UICollectionView+NSFetchedResultsController.h"; sourceTree = "<group>"; };
		866FCEAC18CA1F3B009874B6 /* UICollectionView+NSFetchedResultsController.m */ = {isa = PBXFileReference; fileEncoding = 4; lastKnownFileType = sourcecode.c.objc; path = "UICollectionView+NSFetchedResultsController.m"; sourceTree = "<group>"; };
		866FCEB118CA27E6009874B6 /* MBProgressHUD.h */ = {isa = PBXFileReference; fileEncoding = 4; lastKnownFileType = sourcecode.c.h; path = MBProgressHUD.h; sourceTree = "<group>"; };
		866FCEB218CA27E6009874B6 /* MBProgressHUD.m */ = {isa = PBXFileReference; fileEncoding = 4; lastKnownFileType = sourcecode.c.objc; path = MBProgressHUD.m; sourceTree = "<group>"; };
		866FCEB318CA27E6009874B6 /* ACTapSensor.h */ = {isa = PBXFileReference; fileEncoding = 4; lastKnownFileType = sourcecode.c.h; path = ACTapSensor.h; sourceTree = "<group>"; };
		866FCEB418CA27E6009874B6 /* ACTapSensor.m */ = {isa = PBXFileReference; fileEncoding = 4; lastKnownFileType = sourcecode.c.objc; path = ACTapSensor.m; sourceTree = "<group>"; };
		866FCEB718CA2FD9009874B6 /* WWVideoCell.h */ = {isa = PBXFileReference; fileEncoding = 4; lastKnownFileType = sourcecode.c.h; path = WWVideoCell.h; sourceTree = "<group>"; };
		866FCEB818CA2FD9009874B6 /* WWVideoCell.m */ = {isa = PBXFileReference; fileEncoding = 4; lastKnownFileType = sourcecode.c.objc; path = WWVideoCell.m; sourceTree = "<group>"; };
		866FCEBA18CA51CC009874B6 /* Video.h */ = {isa = PBXFileReference; fileEncoding = 4; lastKnownFileType = sourcecode.c.h; path = Video.h; sourceTree = "<group>"; };
		866FCEBB18CA51CC009874B6 /* Video.m */ = {isa = PBXFileReference; fileEncoding = 4; lastKnownFileType = sourcecode.c.objc; path = Video.m; sourceTree = "<group>"; };
/* End PBXFileReference section */

/* Begin PBXFrameworksBuildPhase section */
		866FCE5418CA1757009874B6 /* Frameworks */ = {
			isa = PBXFrameworksBuildPhase;
			buildActionMask = 2147483647;
			files = (
				866FCE5D18CA1757009874B6 /* CoreGraphics.framework in Frameworks */,
				866FCE6118CA1757009874B6 /* CoreData.framework in Frameworks */,
				866FCE5F18CA1757009874B6 /* UIKit.framework in Frameworks */,
				866FCE5B18CA1757009874B6 /* Foundation.framework in Frameworks */,
			);
			runOnlyForDeploymentPostprocessing = 0;
		};
		866FCE7418CA1757009874B6 /* Frameworks */ = {
			isa = PBXFrameworksBuildPhase;
			buildActionMask = 2147483647;
			files = (
				866FCE7918CA1757009874B6 /* XCTest.framework in Frameworks */,
				866FCE7C18CA1757009874B6 /* CoreData.framework in Frameworks */,
				866FCE7B18CA1757009874B6 /* UIKit.framework in Frameworks */,
				866FCE7A18CA1757009874B6 /* Foundation.framework in Frameworks */,
			);
			runOnlyForDeploymentPostprocessing = 0;
		};
/* End PBXFrameworksBuildPhase section */

/* Begin PBXGroup section */
		866FCE4E18CA1757009874B6 = {
			isa = PBXGroup;
			children = (
				866FCE6218CA1757009874B6 /* WWVideo */,
				866FCE7F18CA1757009874B6 /* WWVideoTests */,
				866FCE5918CA1757009874B6 /* Frameworks */,
				866FCE5818CA1757009874B6 /* Products */,
			);
			sourceTree = "<group>";
		};
		866FCE5818CA1757009874B6 /* Products */ = {
			isa = PBXGroup;
			children = (
				866FCE5718CA1757009874B6 /* WWVideo.app */,
				866FCE7718CA1757009874B6 /* WWVideoTests.xctest */,
			);
			name = Products;
			sourceTree = "<group>";
		};
		866FCE5918CA1757009874B6 /* Frameworks */ = {
			isa = PBXGroup;
			children = (
				866FCE5A18CA1757009874B6 /* Foundation.framework */,
				866FCE5C18CA1757009874B6 /* CoreGraphics.framework */,
				866FCE5E18CA1757009874B6 /* UIKit.framework */,
				866FCE6018CA1757009874B6 /* CoreData.framework */,
				866FCE7818CA1757009874B6 /* XCTest.framework */,
			);
			name = Frameworks;
			sourceTree = "<group>";
		};
		866FCE6218CA1757009874B6 /* WWVideo */ = {
			isa = PBXGroup;
			children = (
				866FCEA418CA1A80009874B6 /* CoreData */,
				866FCEA018CA1A1A009874B6 /* Playing */,
				866FCE9118CA1811009874B6 /* Recording */,
				866FCE6B18CA1757009874B6 /* WWAppDelegate.h */,
				866FCE6C18CA1757009874B6 /* WWAppDelegate.m */,
				866FCE8F18CA1795009874B6 /* Storyboard.storyboard */,
				866FCE7118CA1757009874B6 /* Images.xcassets */,
				866FCE6318CA1757009874B6 /* Supporting Files */,
			);
			path = WWVideo;
			sourceTree = "<group>";
		};
		866FCE6318CA1757009874B6 /* Supporting Files */ = {
			isa = PBXGroup;
			children = (
				866FCEB118CA27E6009874B6 /* MBProgressHUD.h */,
				866FCEB218CA27E6009874B6 /* MBProgressHUD.m */,
				866FCEB318CA27E6009874B6 /* ACTapSensor.h */,
				866FCEB418CA27E6009874B6 /* ACTapSensor.m */,
				866FCEAB18CA1F3B009874B6 /* UICollectionView+NSFetchedResultsController.h */,
				866FCEAC18CA1F3B009874B6 /* UICollectionView+NSFetchedResultsController.m */,
				866FCE6418CA1757009874B6 /* WWVideo-Info.plist */,
				866FCE6518CA1757009874B6 /* InfoPlist.strings */,
				866FCE6818CA1757009874B6 /* main.m */,
				866FCE6A18CA1757009874B6 /* WWVideo-Prefix.pch */,
			);
			name = "Supporting Files";
			sourceTree = "<group>";
		};
		866FCE7F18CA1757009874B6 /* WWVideoTests */ = {
			isa = PBXGroup;
			children = (
				866FCE8518CA1757009874B6 /* WWVideoTests.m */,
				866FCE8018CA1757009874B6 /* Supporting Files */,
			);
			path = WWVideoTests;
			sourceTree = "<group>";
		};
		866FCE8018CA1757009874B6 /* Supporting Files */ = {
			isa = PBXGroup;
			children = (
				866FCE8118CA1757009874B6 /* WWVideoTests-Info.plist */,
				866FCE8218CA1757009874B6 /* InfoPlist.strings */,
			);
			name = "Supporting Files";
			sourceTree = "<group>";
		};
		866FCE9118CA1811009874B6 /* Recording */ = {
			isa = PBXGroup;
			children = (
				866FCE9F18CA1974009874B6 /* Controller */,
				866FCE9E18CA196A009874B6 /* Engine */,
			);
			name = Recording;
			sourceTree = "<group>";
		};
		866FCE9E18CA196A009874B6 /* Engine */ = {
			isa = PBXGroup;
			children = (
				866FCE9218CA1828009874B6 /* CameraEngine.h */,
				866FCE9318CA1828009874B6 /* CameraEngine.m */,
				866FCE9418CA1828009874B6 /* VideoEncoder.h */,
				866FCE9518CA1828009874B6 /* VideoEncoder.m */,
			);
			name = Engine;
			sourceTree = "<group>";
		};
		866FCE9F18CA1974009874B6 /* Controller */ = {
			isa = PBXGroup;
			children = (
				866FCE9818CA1828009874B6 /* ACMovieMaker.h */,
				866FCE9918CA1828009874B6 /* ACMovieMaker.m */,
			);
			name = Controller;
			sourceTree = "<group>";
		};
		866FCEA018CA1A1A009874B6 /* Playing */ = {
			isa = PBXGroup;
			children = (
				866FCEA118CA1A5B009874B6 /* ACVideoCollectionViewController.h */,
				866FCEA218CA1A5B009874B6 /* ACVideoCollectionViewController.m */,
				866FCEB718CA2FD9009874B6 /* WWVideoCell.h */,
				866FCEB818CA2FD9009874B6 /* WWVideoCell.m */,
			);
			name = Playing;
			sourceTree = "<group>";
		};
		866FCEA418CA1A80009874B6 /* CoreData */ = {
			isa = PBXGroup;
			children = (
				866FCE6E18CA1757009874B6 /* WWVideo.xcdatamodeld */,
				866FCEBA18CA51CC009874B6 /* Video.h */,
				866FCEBB18CA51CC009874B6 /* Video.m */,
				866FCEA518CA1AA1009874B6 /* ACCDMgr.h */,
				866FCEA618CA1AA1009874B6 /* ACCDMgr.m */,
			);
			name = CoreData;
			sourceTree = "<group>";
		};
/* End PBXGroup section */

/* Begin PBXNativeTarget section */
		866FCE5618CA1757009874B6 /* WWVideo */ = {
			isa = PBXNativeTarget;
			buildConfigurationList = 866FCE8918CA1757009874B6 /* Build configuration list for PBXNativeTarget "WWVideo" */;
			buildPhases = (
				866FCE5318CA1757009874B6 /* Sources */,
				866FCE5418CA1757009874B6 /* Frameworks */,
				866FCE5518CA1757009874B6 /* Resources */,
			);
			buildRules = (
			);
			dependencies = (
			);
			name = WWVideo;
			productName = WWVideo;
			productReference = 866FCE5718CA1757009874B6 /* WWVideo.app */;
			productType = "com.apple.product-type.application";
		};
		866FCE7618CA1757009874B6 /* WWVideoTests */ = {
			isa = PBXNativeTarget;
			buildConfigurationList = 866FCE8C18CA1757009874B6 /* Build configuration list for PBXNativeTarget "WWVideoTests" */;
			buildPhases = (
				866FCE7318CA1757009874B6 /* Sources */,
				866FCE7418CA1757009874B6 /* Frameworks */,
				866FCE7518CA1757009874B6 /* Resources */,
			);
			buildRules = (
			);
			dependencies = (
				866FCE7E18CA1757009874B6 /* PBXTargetDependency */,
			);
			name = WWVideoTests;
			productName = WWVideoTests;
			productReference = 866FCE7718CA1757009874B6 /* WWVideoTests.xctest */;
			productType = "com.apple.product-type.bundle.unit-test";
		};
/* End PBXNativeTarget section */

/* Begin PBXProject section */
		866FCE4F18CA1757009874B6 /* Project object */ = {
			isa = PBXProject;
			attributes = {
				CLASSPREFIX = WW;
				LastUpgradeCheck = 0500;
				ORGANIZATIONNAME = WeddingWire;
				TargetAttributes = {
					866FCE5618CA1757009874B6 = {
						DevelopmentTeam = 763L973CBP;
					};
					866FCE7618CA1757009874B6 = {
						TestTargetID = 866FCE5618CA1757009874B6;
					};
				};
			};
			buildConfigurationList = 866FCE5218CA1757009874B6 /* Build configuration list for PBXProject "WWVideo" */;
			compatibilityVersion = "Xcode 3.2";
			developmentRegion = English;
			hasScannedForEncodings = 0;
			knownRegions = (
				en,
			);
			mainGroup = 866FCE4E18CA1757009874B6;
			productRefGroup = 866FCE5818CA1757009874B6 /* Products */;
			projectDirPath = "";
			projectRoot = "";
			targets = (
				866FCE5618CA1757009874B6 /* WWVideo */,
				866FCE7618CA1757009874B6 /* WWVideoTests */,
			);
		};
/* End PBXProject section */

/* Begin PBXResourcesBuildPhase section */
		866FCE5518CA1757009874B6 /* Resources */ = {
			isa = PBXResourcesBuildPhase;
			buildActionMask = 2147483647;
			files = (
				866FCE6718CA1757009874B6 /* InfoPlist.strings in Resources */,
				866FCE7218CA1757009874B6 /* Images.xcassets in Resources */,
				866FCE9018CA1795009874B6 /* Storyboard.storyboard in Resources */,
			);
			runOnlyForDeploymentPostprocessing = 0;
		};
		866FCE7518CA1757009874B6 /* Resources */ = {
			isa = PBXResourcesBuildPhase;
			buildActionMask = 2147483647;
			files = (
				866FCE8418CA1757009874B6 /* InfoPlist.strings in Resources */,
			);
			runOnlyForDeploymentPostprocessing = 0;
		};
/* End PBXResourcesBuildPhase section */

/* Begin PBXSourcesBuildPhase section */
		866FCE5318CA1757009874B6 /* Sources */ = {
			isa = PBXSourcesBuildPhase;
			buildActionMask = 2147483647;
			files = (
				866FCE9A18CA1828009874B6 /* CameraEngine.m in Sources */,
				866FCE7018CA1757009874B6 /* WWVideo.xcdatamodeld in Sources */,
				866FCE9D18CA1828009874B6 /* ACMovieMaker.m in Sources */,
				866FCEB618CA27E6009874B6 /* ACTapSensor.m in Sources */,
				866FCEB918CA2FD9009874B6 /* WWVideoCell.m in Sources */,
				866FCEB518CA27E6009874B6 /* MBProgressHUD.m in Sources */,
				866FCE6D18CA1757009874B6 /* WWAppDelegate.m in Sources */,
				866FCE9B18CA1828009874B6 /* VideoEncoder.m in Sources */,
				866FCEAD18CA1F3B009874B6 /* UICollectionView+NSFetchedResultsController.m in Sources */,
				866FCEA718CA1AA1009874B6 /* ACCDMgr.m in Sources */,
				866FCEA318CA1A5B009874B6 /* ACVideoCollectionViewController.m in Sources */,
				866FCE6918CA1757009874B6 /* main.m in Sources */,
				866FCEBC18CA51CC009874B6 /* Video.m in Sources */,
			);
			runOnlyForDeploymentPostprocessing = 0;
		};
		866FCE7318CA1757009874B6 /* Sources */ = {
			isa = PBXSourcesBuildPhase;
			buildActionMask = 2147483647;
			files = (
				866FCE8618CA1757009874B6 /* WWVideoTests.m in Sources */,
			);
			runOnlyForDeploymentPostprocessing = 0;
		};
/* End PBXSourcesBuildPhase section */

/* Begin PBXTargetDependency section */
		866FCE7E18CA1757009874B6 /* PBXTargetDependency */ = {
			isa = PBXTargetDependency;
			target = 866FCE5618CA1757009874B6 /* WWVideo */;
			targetProxy = 866FCE7D18CA1757009874B6 /* PBXContainerItemProxy */;
		};
/* End PBXTargetDependency section */

/* Begin PBXVariantGroup section */
		866FCE6518CA1757009874B6 /* InfoPlist.strings */ = {
			isa = PBXVariantGroup;
			children = (
				866FCE6618CA1757009874B6 /* en */,
			);
			name = InfoPlist.strings;
			sourceTree = "<group>";
		};
		866FCE8218CA1757009874B6 /* InfoPlist.strings */ = {
			isa = PBXVariantGroup;
			children = (
				866FCE8318CA1757009874B6 /* en */,
			);
			name = InfoPlist.strings;
			sourceTree = "<group>";
		};
/* End PBXVariantGroup section */

/* Begin XCBuildConfiguration section */
		866FCE8718CA1757009874B6 /* Debug */ = {
			isa = XCBuildConfiguration;
			buildSettings = {
				ALWAYS_SEARCH_USER_PATHS = NO;
				ARCHS = "$(ARCHS_STANDARD_INCLUDING_64_BIT)";
				CLANG_CXX_LANGUAGE_STANDARD = "gnu++0x";
				CLANG_CXX_LIBRARY = "libc++";
				CLANG_ENABLE_MODULES = YES;
				CLANG_ENABLE_OBJC_ARC = YES;
				CLANG_WARN_BOOL_CONVERSION = YES;
				CLANG_WARN_CONSTANT_CONVERSION = YES;
				CLANG_WARN_DIRECT_OBJC_ISA_USAGE = YES_ERROR;
				CLANG_WARN_EMPTY_BODY = YES;
				CLANG_WARN_ENUM_CONVERSION = YES;
				CLANG_WARN_INT_CONVERSION = YES;
				CLANG_WARN_OBJC_ROOT_CLASS = YES_ERROR;
				CLANG_WARN__DUPLICATE_METHOD_MATCH = YES;
				"CODE_SIGN_IDENTITY[sdk=iphoneos*]" = "iPhone Developer";
				COPY_PHASE_STRIP = NO;
				GCC_C_LANGUAGE_STANDARD = gnu99;
				GCC_DYNAMIC_NO_PIC = NO;
				GCC_OPTIMIZATION_LEVEL = 0;
				GCC_PREPROCESSOR_DEFINITIONS = (
					"DEBUG=1",
					"$(inherited)",
				);
				GCC_SYMBOLS_PRIVATE_EXTERN = NO;
				GCC_WARN_64_TO_32_BIT_CONVERSION = YES;
				GCC_WARN_ABOUT_RETURN_TYPE = YES_ERROR;
				GCC_WARN_UNDECLARED_SELECTOR = YES;
				GCC_WARN_UNINITIALIZED_AUTOS = YES;
				GCC_WARN_UNUSED_FUNCTION = YES;
				GCC_WARN_UNUSED_VARIABLE = YES;
				IPHONEOS_DEPLOYMENT_TARGET = 7.0;
				ONLY_ACTIVE_ARCH = YES;
				SDKROOT = iphoneos;
			};
			name = Debug;
		};
		866FCE8818CA1757009874B6 /* Release */ = {
			isa = XCBuildConfiguration;
			buildSettings = {
				ALWAYS_SEARCH_USER_PATHS = NO;
				ARCHS = "$(ARCHS_STANDARD_INCLUDING_64_BIT)";
				CLANG_CXX_LANGUAGE_STANDARD = "gnu++0x";
				CLANG_CXX_LIBRARY = "libc++";
				CLANG_ENABLE_MODULES = YES;
				CLANG_ENABLE_OBJC_ARC = YES;
				CLANG_WARN_BOOL_CONVERSION = YES;
				CLANG_WARN_CONSTANT_CONVERSION = YES;
				CLANG_WARN_DIRECT_OBJC_ISA_USAGE = YES_ERROR;
				CLANG_WARN_EMPTY_BODY = YES;
				CLANG_WARN_ENUM_CONVERSION = YES;
				CLANG_WARN_INT_CONVERSION = YES;
				CLANG_WARN_OBJC_ROOT_CLASS = YES_ERROR;
				CLANG_WARN__DUPLICATE_METHOD_MATCH = YES;
				"CODE_SIGN_IDENTITY[sdk=iphoneos*]" = "iPhone Developer";
				COPY_PHASE_STRIP = YES;
				ENABLE_NS_ASSERTIONS = NO;
				GCC_C_LANGUAGE_STANDARD = gnu99;
				GCC_WARN_64_TO_32_BIT_CONVERSION = YES;
				GCC_WARN_ABOUT_RETURN_TYPE = YES_ERROR;
				GCC_WARN_UNDECLARED_SELECTOR = YES;
				GCC_WARN_UNINITIALIZED_AUTOS = YES;
				GCC_WARN_UNUSED_FUNCTION = YES;
				GCC_WARN_UNUSED_VARIABLE = YES;
				IPHONEOS_DEPLOYMENT_TARGET = 7.0;
				SDKROOT = iphoneos;
				VALIDATE_PRODUCT = YES;
			};
			name = Release;
		};
		866FCE8A18CA1757009874B6 /* Debug */ = {
			isa = XCBuildConfiguration;
			buildSettings = {
				ASSETCATALOG_COMPILER_APPICON_NAME = AppIcon;
				ASSETCATALOG_COMPILER_LAUNCHIMAGE_NAME = LaunchImage;
				CODE_SIGN_IDENTITY = "iPhone Developer";
				"CODE_SIGN_IDENTITY[sdk=iphoneos*]" = "iPhone Developer";
				GCC_PRECOMPILE_PREFIX_HEADER = YES;
				GCC_PREFIX_HEADER = "WWVideo/WWVideo-Prefix.pch";
				INFOPLIST_FILE = "WWVideo/WWVideo-Info.plist";
				PRODUCT_NAME = "$(TARGET_NAME)";
				PROVISIONING_PROFILE = "";
				WRAPPER_EXTENSION = app;
			};
			name = Debug;
		};
		866FCE8B18CA1757009874B6 /* Release */ = {
			isa = XCBuildConfiguration;
			buildSettings = {
				ASSETCATALOG_COMPILER_APPICON_NAME = AppIcon;
				ASSETCATALOG_COMPILER_LAUNCHIMAGE_NAME = LaunchImage;
				CODE_SIGN_IDENTITY = "iPhone Developer";
				"CODE_SIGN_IDENTITY[sdk=iphoneos*]" = "iPhone Developer";
				GCC_PRECOMPILE_PREFIX_HEADER = YES;
				GCC_PREFIX_HEADER = "WWVideo/WWVideo-Prefix.pch";
				INFOPLIST_FILE = "WWVideo/WWVideo-Info.plist";
				PRODUCT_NAME = "$(TARGET_NAME)";
				PROVISIONING_PROFILE = "";
				WRAPPER_EXTENSION = app;
			};
			name = Release;
		};
		866FCE8D18CA1757009874B6 /* Debug */ = {
			isa = XCBuildConfiguration;
			buildSettings = {
				ARCHS = "$(ARCHS_STANDARD_INCLUDING_64_BIT)";
				BUNDLE_LOADER = "$(BUILT_PRODUCTS_DIR)/WWVideo.app/WWVideo";
				FRAMEWORK_SEARCH_PATHS = (
					"$(SDKROOT)/Developer/Library/Frameworks",
					"$(inherited)",
					"$(DEVELOPER_FRAMEWORKS_DIR)",
				);
				GCC_PRECOMPILE_PREFIX_HEADER = YES;
				GCC_PREFIX_HEADER = "WWVideo/WWVideo-Prefix.pch";
				GCC_PREPROCESSOR_DEFINITIONS = (
					"DEBUG=1",
					"$(inherited)",
				);
				INFOPLIST_FILE = "WWVideoTests/WWVideoTests-Info.plist";
				PRODUCT_NAME = "$(TARGET_NAME)";
				TEST_HOST = "$(BUNDLE_LOADER)";
				WRAPPER_EXTENSION = xctest;
			};
			name = Debug;
		};
		866FCE8E18CA1757009874B6 /* Release */ = {
			isa = XCBuildConfiguration;
			buildSettings = {
				ARCHS = "$(ARCHS_STANDARD_INCLUDING_64_BIT)";
				BUNDLE_LOADER = "$(BUILT_PRODUCTS_DIR)/WWVideo.app/WWVideo";
				FRAMEWORK_SEARCH_PATHS = (
					"$(SDKROOT)/Developer/Library/Frameworks",
					"$(inherited)",
					"$(DEVELOPER_FRAMEWORKS_DIR)",
				);
				GCC_PRECOMPILE_PREFIX_HEADER = YES;
				GCC_PREFIX_HEADER = "WWVideo/WWVideo-Prefix.pch";
				INFOPLIST_FILE = "WWVideoTests/WWVideoTests-Info.plist";
				PRODUCT_NAME = "$(TARGET_NAME)";
				TEST_HOST = "$(BUNDLE_LOADER)";
				WRAPPER_EXTENSION = xctest;
			};
			name = Release;
		};
/* End XCBuildConfiguration section */

/* Begin XCConfigurationList section */
		866FCE5218CA1757009874B6 /* Build configuration list for PBXProject "WWVideo" */ = {
			isa = XCConfigurationList;
			buildConfigurations = (
				866FCE8718CA1757009874B6 /* Debug */,
				866FCE8818CA1757009874B6 /* Release */,
			);
			defaultConfigurationIsVisible = 0;
			defaultConfigurationName = Release;
		};
		866FCE8918CA1757009874B6 /* Build configuration list for PBXNativeTarget "WWVideo" */ = {
			isa = XCConfigurationList;
			buildConfigurations = (
				866FCE8A18CA1757009874B6 /* Debug */,
				866FCE8B18CA1757009874B6 /* Release */,
			);
			defaultConfigurationIsVisible = 0;
		};
		866FCE8C18CA1757009874B6 /* Build configuration list for PBXNativeTarget "WWVideoTests" */ = {
			isa = XCConfigurationList;
			buildConfigurations = (
				866FCE8D18CA1757009874B6 /* Debug */,
				866FCE8E18CA1757009874B6 /* Release */,
			);
			defaultConfigurationIsVisible = 0;
		};
/* End XCConfigurationList section */

/* Begin XCVersionGroup section */
		866FCE6E18CA1757009874B6 /* WWVideo.xcdatamodeld */ = {
			isa = XCVersionGroup;
			children = (
				866FCE6F18CA1757009874B6 /* WWVideo.xcdatamodel */,
			);
			currentVersion = 866FCE6F18CA1757009874B6 /* WWVideo.xcdatamodel */;
			path = WWVideo.xcdatamodeld;
			sourceTree = "<group>";
			versionGroupType = wrapper.xcdatamodel;
		};
/* End XCVersionGroup section */
	};
	rootObject = 866FCE4F18CA1757009874B6 /* Project object */;
}
